{
  "originHash" : "9eb3d7370645191edd5b04347abdc08f83f985ab146b1b1c735cf5d5de9b5daf",
  "pins" : [
    {
      "identity" : "silentmoondomain",
      "kind" : "remoteSourceControl",
      "location" : "https://github.com/kerimovq5-blip/SilentMoonDomain",
      "state" : {
        "revision" : "e6aa13056d2a4cf133132cdba42f79309d5a40ce"
      }
    },
    {
      "identity" : "silentmoonnetwork",
      "kind" : "remoteSourceControl",
      "location" : "https://github.com/kerimovq5-blip/SilentMoonNetwork",
      "state" : {
        "revision" : "f626055bbd7490a28829b5e50901180ace7f11d1"
      }
    }
  ],
  "version" : 3
}
