{
  "originHash" : "8a024ddc55aeab1f7ff9584a7a22fc73e22d9c19b28d9b061c9f4bdf15e84907",
  "pins" : [
    {
      "identity" : "silentmoondomain",
      "kind" : "remoteSourceControl",
      "location" : "https://github.com/kerimovq5-blip/SilentMoonDomain",
      "state" : {
        "revision" : "96949a7025e433ed6a62ceb3c1ac79df2da046df"
      }
    },
    {
      "identity" : "silentmoonnetwork",
      "kind" : "remoteSourceControl",
      "location" : "https://github.com/kerimovq5-blip/SilentMoonNetwork",
      "state" : {
        "revision" : "f626055bbd7490a28829b5e50901180ace7f11d1"
      }
    }
  ],
  "version" : 3
}
